
Microsoft Visual Studio Solution File, Format Version 12.00
# Visual Studio 15
VisualStudioVersion = 15.0.28010.2019
MinimumVisualStudioVersion = 10.0.40219.1
Project("{FAE04EC0-301F-11D3-BF4B-00C04F79EFBC}") = "Game Attempt 1", "Game Attemp 1\Game Attempt 1.csproj", "{370DECB1-023F-4A72-A9AF-8329131538E7}"
EndProject
Global
	GlobalSection(SolutionConfigurationPlatforms) = preSolution
		Debug|Any CPU = Debug|Any CPU
		Release|Any CPU = Release|Any CPU
	EndGlobalSection
	GlobalSection(ProjectConfigurationPlatforms) = postSolution
		{370DECB1-023F-4A72-A9AF-8329131538E7}.Debug|Any CPU.ActiveCfg = Debug|Any CPU
		{370DECB1-023F-4A72-A9AF-8329131538E7}.Debug|Any CPU.Build.0 = Debug|Any CPU
		{370DECB1-023F-4A72-A9AF-8329131538E7}.Release|Any CPU.ActiveCfg = Release|Any CPU
		{370DECB1-023F-4A72-A9AF-8329131538E7}.Release|Any CPU.Build.0 = Release|Any CPU
	EndGlobalSection
	GlobalSection(SolutionProperties) = preSolution
		HideSolutionNode = FALSE
	EndGlobalSection
	GlobalSection(ExtensibilityGlobals) = postSolution
		SolutionGuid = {5521A2DA-1E5B-4506-9562-1671A31B9503}
	EndGlobalSection
EndGlobal
